# THIS IS AN AUTOGENERATED FILE. DO NOT EDIT THIS FILE DIRECTLY.
# yarn lockfile v1


"@sentry/browser@7.15.0":
  version "7.15.0"
  resolved "https://registry.yarnpkg.com/@sentry/browser/-/browser-7.15.0.tgz#1723dc8efcea9239d26072126755f61f6fb9448d"
  integrity sha512-vZYr8L2JmniV8cns4yGOpX32moazz6tsllB1uv7XmmELW98sIuuugVFX0k6cBi89R8pyhdqULFCf9CL8CRguRg==
  dependencies:
    "@sentry/core" "7.15.0"
    "@sentry/types" "7.15.0"
    "@sentry/utils" "7.15.0"
    tslib "^1.9.3"

"@sentry/core@7.15.0":
  version "7.15.0"
  resolved "https://registry.yarnpkg.com/@sentry/core/-/core-7.15.0.tgz#983e08326afdb8ddb10494372cd22b3886d683c9"
  integrity sha512-W8d44g04GShBn4Z9VBTUhf1T9LTMfzUnETEx237zzUucv0kkyj3LsWQsJapWchMbmwr1V/CdnNDN+lGDm8iXQA==
  dependencies:
    "@sentry/types" "7.15.0"
    "@sentry/utils" "7.15.0"
    tslib "^1.9.3"

"@sentry/types@7.15.0":
  version "7.15.0"
  resolved "https://registry.yarnpkg.com/@sentry/types/-/types-7.15.0.tgz#50c57c924993d4dd16b43172d310c66384d17463"
  integrity sha512-MN9haDRh9ZOsTotoDTHu2BT3sT8Vs1F0alhizUpDyjN2YgBCqR6JV+AbAE1XNHwS2+5zbppch1PwJUVeE58URQ==

"@sentry/utils@7.15.0":
  version "7.15.0"
  resolved "https://registry.yarnpkg.com/@sentry/utils/-/utils-7.15.0.tgz#cda642a353a58fd6631979c1e5986788e6db6c43"
  integrity sha512-akic22/6xa/RG5Mj7UN6pLc23VnX9zQlKM53L/q3yIr0juckSVthJiiFNdgdqrX03S1tHYlBgPeShKFFTHpkjA==
  dependencies:
    "@sentry/types" "7.15.0"
    tslib "^1.9.3"

tslib@^1.9.3:
  version "1.14.1"
  resolved "https://registry.yarnpkg.com/tslib/-/tslib-1.14.1.tgz#cf2d38bdc34a134bcaf1091c41f6619e2f672d00"
  integrity sha512-Xni35NKzjgMrwevysHTCArtLDpPvye8zV/0E4EyYn43P7/7qvQwPh9BGkHewbMulVntbigmcT7rdX3BNo9wRJg==
